
Microsoft Visual Studio Solution File, Format Version 12.00
# Visual Studio 15
Project("{FAE04EC0-301F-11D3-BF4B-00C04F79EFBC}") = "VidlyCoreApp", "VidlyCoreApp\VidlyCoreApp.csproj", "{FCC449B5-8852-49BB-BD00-28908E0E65B6}"
EndProject
Project("{FAE04EC0-301F-11D3-BF4B-00C04F79EFBC}") = "VidlyCoreTests", "VidlyCoreTests\VidlyCoreTests.csproj", "{F3C932E7-7D8E-4F44-8BD9-7E43B15A04C7}"
EndProject
Project("{FAE04EC0-301F-11D3-BF4B-00C04F79EFBC}") = "VidlyCoreBusinessRules", "VidlyCoreBusinessRules\VidlyCoreBusinessRules.csproj", "{E4D3D1AA-3212-4A54-830A-6E8C7F3C24C9}"
EndProject
Global
	GlobalSection(SolutionConfigurationPlatforms) = preSolution
		Debug|Any CPU = Debug|Any CPU
		Release|Any CPU = Release|Any CPU
	EndGlobalSection
	GlobalSection(ProjectConfigurationPlatforms) = postSolution
		{FCC449B5-8852-49BB-BD00-28908E0E65B6}.Debug|Any CPU.ActiveCfg = Debug|Any CPU
		{FCC449B5-8852-49BB-BD00-28908E0E65B6}.Debug|Any CPU.Build.0 = Debug|Any CPU
		{FCC449B5-8852-49BB-BD00-28908E0E65B6}.Release|Any CPU.ActiveCfg = Release|Any CPU
		{FCC449B5-8852-49BB-BD00-28908E0E65B6}.Release|Any CPU.Build.0 = Release|Any CPU
		{F3C932E7-7D8E-4F44-8BD9-7E43B15A04C7}.Debug|Any CPU.ActiveCfg = Debug|Any CPU
		{F3C932E7-7D8E-4F44-8BD9-7E43B15A04C7}.Debug|Any CPU.Build.0 = Debug|Any CPU
		{F3C932E7-7D8E-4F44-8BD9-7E43B15A04C7}.Release|Any CPU.ActiveCfg = Release|Any CPU
		{F3C932E7-7D8E-4F44-8BD9-7E43B15A04C7}.Release|Any CPU.Build.0 = Release|Any CPU
		{E4D3D1AA-3212-4A54-830A-6E8C7F3C24C9}.Debug|Any CPU.ActiveCfg = Debug|Any CPU
		{E4D3D1AA-3212-4A54-830A-6E8C7F3C24C9}.Debug|Any CPU.Build.0 = Debug|Any CPU
		{E4D3D1AA-3212-4A54-830A-6E8C7F3C24C9}.Release|Any CPU.ActiveCfg = Release|Any CPU
		{E4D3D1AA-3212-4A54-830A-6E8C7F3C24C9}.Release|Any CPU.Build.0 = Release|Any CPU
	EndGlobalSection
EndGlobal
